
Microsoft Visual Studio Solution File, Format Version 11.00
# Visual C# Express 2010
Project("{FAE04EC0-301F-11D3-BF4B-00C04F79EFBC}") = "FileBuddy.Windows.Xna", "FileBuddy.Windows.Xna.csproj", "{D635BAB9-19BA-44D2-A4E8-9B256BCE1676}"
EndProject
Project("{FAE04EC0-301F-11D3-BF4B-00C04F79EFBC}") = "EasyStorage.Windows.Xna", "..\externals\EasyStorage\Windows.Xna\EasyStorage.Windows.Xna.csproj", "{92E7BB8F-4B13-4370-ACA8-D97F22848353}"
EndProject
Global
	GlobalSection(SolutionConfigurationPlatforms) = preSolution
		Debug|x86 = Debug|x86
		Release|x86 = Release|x86
	EndGlobalSection
	GlobalSection(ProjectConfigurationPlatforms) = postSolution
		{D635BAB9-19BA-44D2-A4E8-9B256BCE1676}.Debug|x86.ActiveCfg = Debug|x86
		{D635BAB9-19BA-44D2-A4E8-9B256BCE1676}.Debug|x86.Build.0 = Debug|x86
		{D635BAB9-19BA-44D2-A4E8-9B256BCE1676}.Release|x86.ActiveCfg = Release|x86
		{D635BAB9-19BA-44D2-A4E8-9B256BCE1676}.Release|x86.Build.0 = Release|x86
		{92E7BB8F-4B13-4370-ACA8-D97F22848353}.Debug|x86.ActiveCfg = Debug|x86
		{92E7BB8F-4B13-4370-ACA8-D97F22848353}.Debug|x86.Build.0 = Debug|x86
		{92E7BB8F-4B13-4370-ACA8-D97F22848353}.Release|x86.ActiveCfg = Release|x86
		{92E7BB8F-4B13-4370-ACA8-D97F22848353}.Release|x86.Build.0 = Release|x86
	EndGlobalSection
	GlobalSection(SolutionProperties) = preSolution
		HideSolutionNode = FALSE
	EndGlobalSection
EndGlobal
